// !$*UTF8*$!
{
	archiveVersion = 1;
	classes = {
	};
	objectVersion = 51;
	objects = {

/* Begin PBXBuildFile section */
		D119EE9E25FFF0C900745E64 /* AppDelegate.swift in Sources */ = {isa = PBXBuildFile; fileRef = D119EE9D25FFF0C900745E64 /* AppDelegate.swift */; };
		D119EEA025FFF0C900745E64 /* SceneDelegate.swift in Sources */ = {isa = PBXBuildFile; fileRef = D119EE9F25FFF0C900745E64 /* SceneDelegate.swift */; };
		D119EEA725FFF0CC00745E64 /* Assets.xcassets in Resources */ = {isa = PBXBuildFile; fileRef = D119EEA625FFF0CC00745E64 /* Assets.xcassets */; };
		D119EEAA25FFF0CC00745E64 /* LaunchScreen.storyboard in Resources */ = {isa = PBXBuildFile; fileRef = D119EEA825FFF0CC00745E64 /* LaunchScreen.storyboard */; };
		D119EEBA25FFF76100745E64 /* MainTabController.swift in Sources */ = {isa = PBXBuildFile; fileRef = D119EEB925FFF76100745E64 /* MainTabController.swift */; };
		D119EEC226001CC500745E64 /* FeedController.swift in Sources */ = {isa = PBXBuildFile; fileRef = D119EEC126001CC500745E64 /* FeedController.swift */; };
		D119EEC526001CEF00745E64 /* SearchController.swift in Sources */ = {isa = PBXBuildFile; fileRef = D119EEC426001CEF00745E64 /* SearchController.swift */; };
		D119EEC826001D1800745E64 /* ImageSelectorController.swift in Sources */ = {isa = PBXBuildFile; fileRef = D119EEC726001D1800745E64 /* ImageSelectorController.swift */; };
		D119EECB26001D3A00745E64 /* NotificationController.swift in Sources */ = {isa = PBXBuildFile; fileRef = D119EECA26001D3A00745E64 /* NotificationController.swift */; };
		D119EECE26001D5400745E64 /* ProfileController.swift in Sources */ = {isa = PBXBuildFile; fileRef = D119EECD26001D5400745E64 /* ProfileController.swift */; };
		D119EED1260039FA00745E64 /* FeedCell.swift in Sources */ = {isa = PBXBuildFile; fileRef = D119EED0260039FA00745E64 /* FeedCell.swift */; };
		D119EED426003B8C00745E64 /* Extension - UIView - constraints.swift in Sources */ = {isa = PBXBuildFile; fileRef = D119EED326003B8C00745E64 /* Extension - UIView - constraints.swift */; };
		D119EED726016EB400745E64 /* LoginController.swift in Sources */ = {isa = PBXBuildFile; fileRef = D119EED626016EB400745E64 /* LoginController.swift */; };
		D119EEDA26016EC900745E64 /* RegistrationController.swift in Sources */ = {isa = PBXBuildFile; fileRef = D119EED926016EC900745E64 /* RegistrationController.swift */; };
		D19E9F092602B9BB001084C7 /* CustomTextField.swift in Sources */ = {isa = PBXBuildFile; fileRef = D19E9F082602B9BB001084C7 /* CustomTextField.swift */; };
		D19E9F0C2602D828001084C7 /* Extension - UIButton - setAttributedTitle.swift in Sources */ = {isa = PBXBuildFile; fileRef = D19E9F0B2602D828001084C7 /* Extension - UIButton - setAttributedTitle.swift */; };
		D19E9F102602DB4A001084C7 /* Extension - UIView - addGradient.swift in Sources */ = {isa = PBXBuildFile; fileRef = D19E9F0F2602DB4A001084C7 /* Extension - UIView - addGradient.swift */; };
		D19E9F1726065158001084C7 /* AuthenticationViewModel.swift in Sources */ = {isa = PBXBuildFile; fileRef = D19E9F1626065158001084C7 /* AuthenticationViewModel.swift */; };
		D19E9F1C26067681001084C7 /* Extension - String - isValidEmail.swift in Sources */ = {isa = PBXBuildFile; fileRef = D19E9F1B26067681001084C7 /* Extension - String - isValidEmail.swift */; };
		D19E9F232606930F001084C7 /* GoogleService-Info.plist in Resources */ = {isa = PBXBuildFile; fileRef = D19E9F222606930F001084C7 /* GoogleService-Info.plist */; };
		D19E9F482606B27C001084C7 /* ImageUploader.swift in Sources */ = {isa = PBXBuildFile; fileRef = D19E9F472606B27C001084C7 /* ImageUploader.swift */; };
		D19E9F4B2606B292001084C7 /* AuthService.swift in Sources */ = {isa = PBXBuildFile; fileRef = D19E9F4A2606B292001084C7 /* AuthService.swift */; };
		D19E9F4E2608D505001084C7 /* ProfileCell.swift in Sources */ = {isa = PBXBuildFile; fileRef = D19E9F4D2608D505001084C7 /* ProfileCell.swift */; };
		D19E9F512608D525001084C7 /* ProfileHeader.swift in Sources */ = {isa = PBXBuildFile; fileRef = D19E9F502608D525001084C7 /* ProfileHeader.swift */; };
		D4D7AA43911B3D3B73794895 /* Pods_InstagramApp_MVVM.framework in Frameworks */ = {isa = PBXBuildFile; fileRef = 25FC2EEA5039CEDAAF493D85 /* Pods_InstagramApp_MVVM.framework */; };
/* End PBXBuildFile section */

/* Begin PBXFileReference section */
		047B205403DD85BBC3545F08 /* Pods-InstagramApp-MVVM.release.xcconfig */ = {isa = PBXFileReference; includeInIndex = 1; lastKnownFileType = text.xcconfig; name = "Pods-InstagramApp-MVVM.release.xcconfig"; path = "Target Support Files/Pods-InstagramApp-MVVM/Pods-InstagramApp-MVVM.release.xcconfig"; sourceTree = "<group>"; };
		25FC2EEA5039CEDAAF493D85 /* Pods_InstagramApp_MVVM.framework */ = {isa = PBXFileReference; explicitFileType = wrapper.framework; includeInIndex = 0; path = Pods_InstagramApp_MVVM.framework; sourceTree = BUILT_PRODUCTS_DIR; };
		BF95E1518BD0DE38C11D7C73 /* Pods-InstagramApp-MVVM.debug.xcconfig */ = {isa = PBXFileReference; includeInIndex = 1; lastKnownFileType = text.xcconfig; name = "Pods-InstagramApp-MVVM.debug.xcconfig"; path = "Target Support Files/Pods-InstagramApp-MVVM/Pods-InstagramApp-MVVM.debug.xcconfig"; sourceTree = "<group>"; };
		D119EE9A25FFF0C900745E64 /* InstagramApp-MVVM.app */ = {isa = PBXFileReference; explicitFileType = wrapper.application; includeInIndex = 0; path = "InstagramApp-MVVM.app"; sourceTree = BUILT_PRODUCTS_DIR; };
		D119EE9D25FFF0C900745E64 /* AppDelegate.swift */ = {isa = PBXFileReference; lastKnownFileType = sourcecode.swift; path = AppDelegate.swift; sourceTree = "<group>"; };
		D119EE9F25FFF0C900745E64 /* SceneDelegate.swift */ = {isa = PBXFileReference; lastKnownFileType = sourcecode.swift; path = SceneDelegate.swift; sourceTree = "<group>"; };
		D119EEA625FFF0CC00745E64 /* Assets.xcassets */ = {isa = PBXFileReference; lastKnownFileType = folder.assetcatalog; path = Assets.xcassets; sourceTree = "<group>"; };
		D119EEA925FFF0CC00745E64 /* Base */ = {isa = PBXFileReference; lastKnownFileType = file.storyboard; name = Base; path = Base.lproj/LaunchScreen.storyboard; sourceTree = "<group>"; };
		D119EEAB25FFF0CC00745E64 /* Info.plist */ = {isa = PBXFileReference; lastKnownFileType = text.plist.xml; path = Info.plist; sourceTree = "<group>"; };
		D119EEB925FFF76100745E64 /* MainTabController.swift */ = {isa = PBXFileReference; lastKnownFileType = sourcecode.swift; path = MainTabController.swift; sourceTree = "<group>"; };
		D119EEC126001CC500745E64 /* FeedController.swift */ = {isa = PBXFileReference; lastKnownFileType = sourcecode.swift; path = FeedController.swift; sourceTree = "<group>"; };
		D119EEC426001CEF00745E64 /* SearchController.swift */ = {isa = PBXFileReference; lastKnownFileType = sourcecode.swift; path = SearchController.swift; sourceTree = "<group>"; };
		D119EEC726001D1800745E64 /* ImageSelectorController.swift */ = {isa = PBXFileReference; lastKnownFileType = sourcecode.swift; path = ImageSelectorController.swift; sourceTree = "<group>"; };
		D119EECA26001D3A00745E64 /* NotificationController.swift */ = {isa = PBXFileReference; lastKnownFileType = sourcecode.swift; path = NotificationController.swift; sourceTree = "<group>"; };
		D119EECD26001D5400745E64 /* ProfileController.swift */ = {isa = PBXFileReference; lastKnownFileType = sourcecode.swift; path = ProfileController.swift; sourceTree = "<group>"; };
		D119EED0260039FA00745E64 /* FeedCell.swift */ = {isa = PBXFileReference; lastKnownFileType = sourcecode.swift; path = FeedCell.swift; sourceTree = "<group>"; };
		D119EED326003B8C00745E64 /* Extension - UIView - constraints.swift */ = {isa = PBXFileReference; lastKnownFileType = sourcecode.swift; path = "Extension - UIView - constraints.swift"; sourceTree = "<group>"; };
		D119EED626016EB400745E64 /* LoginController.swift */ = {isa = PBXFileReference; lastKnownFileType = sourcecode.swift; path = LoginController.swift; sourceTree = "<group>"; };
		D119EED926016EC900745E64 /* RegistrationController.swift */ = {isa = PBXFileReference; lastKnownFileType = sourcecode.swift; path = RegistrationController.swift; sourceTree = "<group>"; };
		D19E9F082602B9BB001084C7 /* CustomTextField.swift */ = {isa = PBXFileReference; lastKnownFileType = sourcecode.swift; path = CustomTextField.swift; sourceTree = "<group>"; };
		D19E9F0B2602D828001084C7 /* Extension - UIButton - setAttributedTitle.swift */ = {isa = PBXFileReference; lastKnownFileType = sourcecode.swift; path = "Extension - UIButton - setAttributedTitle.swift"; sourceTree = "<group>"; };
		D19E9F0F2602DB4A001084C7 /* Extension - UIView - addGradient.swift */ = {isa = PBXFileReference; lastKnownFileType = sourcecode.swift; path = "Extension - UIView - addGradient.swift"; sourceTree = "<group>"; };
		D19E9F1626065158001084C7 /* AuthenticationViewModel.swift */ = {isa = PBXFileReference; lastKnownFileType = sourcecode.swift; path = AuthenticationViewModel.swift; sourceTree = "<group>"; };
		D19E9F1B26067681001084C7 /* Extension - String - isValidEmail.swift */ = {isa = PBXFileReference; lastKnownFileType = sourcecode.swift; path = "Extension - String - isValidEmail.swift"; sourceTree = "<group>"; };
		D19E9F222606930F001084C7 /* GoogleService-Info.plist */ = {isa = PBXFileReference; fileEncoding = 4; lastKnownFileType = text.plist.xml; path = "GoogleService-Info.plist"; sourceTree = "<group>"; };
		D19E9F472606B27C001084C7 /* ImageUploader.swift */ = {isa = PBXFileReference; lastKnownFileType = sourcecode.swift; path = ImageUploader.swift; sourceTree = "<group>"; };
		D19E9F4A2606B292001084C7 /* AuthService.swift */ = {isa = PBXFileReference; lastKnownFileType = sourcecode.swift; path = AuthService.swift; sourceTree = "<group>"; };
		D19E9F4D2608D505001084C7 /* ProfileCell.swift */ = {isa = PBXFileReference; lastKnownFileType = sourcecode.swift; path = ProfileCell.swift; sourceTree = "<group>"; };
		D19E9F502608D525001084C7 /* ProfileHeader.swift */ = {isa = PBXFileReference; lastKnownFileType = sourcecode.swift; path = ProfileHeader.swift; sourceTree = "<group>"; };
/* End PBXFileReference section */

/* Begin PBXFrameworksBuildPhase section */
		D119EE9725FFF0C900745E64 /* Frameworks */ = {
			isa = PBXFrameworksBuildPhase;
			buildActionMask = 2147483647;
			files = (
				D4D7AA43911B3D3B73794895 /* Pods_InstagramApp_MVVM.framework in Frameworks */,
			);
			runOnlyForDeploymentPostprocessing = 0;
		};
/* End PBXFrameworksBuildPhase section */

/* Begin PBXGroup section */
		1CA859EB9E5691C33BF567E2 /* Pods */ = {
			isa = PBXGroup;
			children = (
				BF95E1518BD0DE38C11D7C73 /* Pods-InstagramApp-MVVM.debug.xcconfig */,
				047B205403DD85BBC3545F08 /* Pods-InstagramApp-MVVM.release.xcconfig */,
			);
			path = Pods;
			sourceTree = "<group>";
		};
		B9621826097FD96FC89C27C7 /* Frameworks */ = {
			isa = PBXGroup;
			children = (
				25FC2EEA5039CEDAAF493D85 /* Pods_InstagramApp_MVVM.framework */,
			);
			name = Frameworks;
			sourceTree = "<group>";
		};
		D119EE9125FFF0C900745E64 = {
			isa = PBXGroup;
			children = (
				D119EE9C25FFF0C900745E64 /* InstagramApp-MVVM */,
				D119EE9B25FFF0C900745E64 /* Products */,
				1CA859EB9E5691C33BF567E2 /* Pods */,
				B9621826097FD96FC89C27C7 /* Frameworks */,
			);
			sourceTree = "<group>";
		};
		D119EE9B25FFF0C900745E64 /* Products */ = {
			isa = PBXGroup;
			children = (
				D119EE9A25FFF0C900745E64 /* InstagramApp-MVVM.app */,
			);
			name = Products;
			sourceTree = "<group>";
		};
		D119EE9C25FFF0C900745E64 /* InstagramApp-MVVM */ = {
			isa = PBXGroup;
			children = (
				D119EEB825FFF56900745E64 /* Model */,
				D119EEB725FFF56600745E64 /* View */,
				D119EEB625FFF56100745E64 /* ViewModel */,
				D119EEB525FFF55C00745E64 /* Controller */,
				D119EEB425FFF54F00745E64 /* API */,
				D119EEB325FFF54400745E64 /* Utils */,
				D119EEBF25FFF84A00745E64 /* SupportFiles */,
			);
			path = "InstagramApp-MVVM";
			sourceTree = "<group>";
		};
		D119EEB325FFF54400745E64 /* Utils */ = {
			isa = PBXGroup;
			children = (
				D119EED326003B8C00745E64 /* Extension - UIView - constraints.swift */,
				D19E9F0B2602D828001084C7 /* Extension - UIButton - setAttributedTitle.swift */,
				D19E9F0F2602DB4A001084C7 /* Extension - UIView - addGradient.swift */,
				D19E9F1B26067681001084C7 /* Extension - String - isValidEmail.swift */,
			);
			path = Utils;
			sourceTree = "<group>";
		};
		D119EEB425FFF54F00745E64 /* API */ = {
			isa = PBXGroup;
			children = (
				D19E9F472606B27C001084C7 /* ImageUploader.swift */,
				D19E9F4A2606B292001084C7 /* AuthService.swift */,
			);
			path = API;
			sourceTree = "<group>";
		};
		D119EEB525FFF55C00745E64 /* Controller */ = {
			isa = PBXGroup;
			children = (
				D119EEDC26016ED300745E64 /* Authentication */,
				D119EEB925FFF76100745E64 /* MainTabController.swift */,
				D119EEC126001CC500745E64 /* FeedController.swift */,
				D119EEC426001CEF00745E64 /* SearchController.swift */,
				D119EEC726001D1800745E64 /* ImageSelectorController.swift */,
				D119EECA26001D3A00745E64 /* NotificationController.swift */,
				D119EECD26001D5400745E64 /* ProfileController.swift */,
			);
			path = Controller;
			sourceTree = "<group>";
		};
		D119EEB625FFF56100745E64 /* ViewModel */ = {
			isa = PBXGroup;
			children = (
				D19E9F1626065158001084C7 /* AuthenticationViewModel.swift */,
			);
			path = ViewModel;
			sourceTree = "<group>";
		};
		D119EEB725FFF56600745E64 /* View */ = {
			isa = PBXGroup;
			children = (
				D19E9F532608D546001084C7 /* Profile */,
				D119EED0260039FA00745E64 /* FeedCell.swift */,
				D19E9F082602B9BB001084C7 /* CustomTextField.swift */,
			);
			path = View;
			sourceTree = "<group>";
		};
		D119EEB825FFF56900745E64 /* Model */ = {
			isa = PBXGroup;
			children = (
			);
			path = Model;
			sourceTree = "<group>";
		};
		D119EEBF25FFF84A00745E64 /* SupportFiles */ = {
			isa = PBXGroup;
			children = (
				D119EE9D25FFF0C900745E64 /* AppDelegate.swift */,
				D119EE9F25FFF0C900745E64 /* SceneDelegate.swift */,
				D119EEA625FFF0CC00745E64 /* Assets.xcassets */,
				D119EEA825FFF0CC00745E64 /* LaunchScreen.storyboard */,
				D119EEAB25FFF0CC00745E64 /* Info.plist */,
				D19E9F222606930F001084C7 /* GoogleService-Info.plist */,
			);
			name = SupportFiles;
			sourceTree = "<group>";
		};
		D119EEDC26016ED300745E64 /* Authentication */ = {
			isa = PBXGroup;
			children = (
				D119EED626016EB400745E64 /* LoginController.swift */,
				D119EED926016EC900745E64 /* RegistrationController.swift */,
			);
			path = Authentication;
			sourceTree = "<group>";
		};
		D19E9F532608D546001084C7 /* Profile */ = {
			isa = PBXGroup;
			children = (
				D19E9F4D2608D505001084C7 /* ProfileCell.swift */,
				D19E9F502608D525001084C7 /* ProfileHeader.swift */,
			);
			path = Profile;
			sourceTree = "<group>";
		};
/* End PBXGroup section */

/* Begin PBXNativeTarget section */
		D119EE9925FFF0C900745E64 /* InstagramApp-MVVM */ = {
			isa = PBXNativeTarget;
			buildConfigurationList = D119EEAE25FFF0CC00745E64 /* Build configuration list for PBXNativeTarget "InstagramApp-MVVM" */;
			buildPhases = (
				C83DFDDC5CE2E3667CD2AEEE /* [CP] Check Pods Manifest.lock */,
				D119EE9625FFF0C900745E64 /* Sources */,
				D119EE9725FFF0C900745E64 /* Frameworks */,
				D119EE9825FFF0C900745E64 /* Resources */,
				3DDB853E36D48E6188B3F721 /* [CP] Embed Pods Frameworks */,
			);
			buildRules = (
			);
			dependencies = (
			);
			name = "InstagramApp-MVVM";
			productName = "InstagramApp-MVVM";
			productReference = D119EE9A25FFF0C900745E64 /* InstagramApp-MVVM.app */;
			productType = "com.apple.product-type.application";
		};
/* End PBXNativeTarget section */

/* Begin PBXProject section */
		D119EE9225FFF0C900745E64 /* Project object */ = {
			isa = PBXProject;
			attributes = {
				LastSwiftUpdateCheck = 1240;
				LastUpgradeCheck = 1240;
				TargetAttributes = {
					D119EE9925FFF0C900745E64 = {
						CreatedOnToolsVersion = 12.4;
					};
				};
			};
			buildConfigurationList = D119EE9525FFF0C900745E64 /* Build configuration list for PBXProject "InstagramApp-MVVM" */;
			compatibilityVersion = "Xcode 9.3";
			developmentRegion = en;
			hasScannedForEncodings = 0;
			knownRegions = (
				en,
				Base,
			);
			mainGroup = D119EE9125FFF0C900745E64;
			productRefGroup = D119EE9B25FFF0C900745E64 /* Products */;
			projectDirPath = "";
			projectRoot = "";
			targets = (
				D119EE9925FFF0C900745E64 /* InstagramApp-MVVM */,
			);
		};
/* End PBXProject section */

/* Begin PBXResourcesBuildPhase section */
		D119EE9825FFF0C900745E64 /* Resources */ = {
			isa = PBXResourcesBuildPhase;
			buildActionMask = 2147483647;
			files = (
				D119EEAA25FFF0CC00745E64 /* LaunchScreen.storyboard in Resources */,
				D119EEA725FFF0CC00745E64 /* Assets.xcassets in Resources */,
				D19E9F232606930F001084C7 /* GoogleService-Info.plist in Resources */,
			);
			runOnlyForDeploymentPostprocessing = 0;
		};
/* End PBXResourcesBuildPhase section */

/* Begin PBXShellScriptBuildPhase section */
		3DDB853E36D48E6188B3F721 /* [CP] Embed Pods Frameworks */ = {
			isa = PBXShellScriptBuildPhase;
			buildActionMask = 2147483647;
			files = (
			);
			inputFileListPaths = (
				"${PODS_ROOT}/Target Support Files/Pods-InstagramApp-MVVM/Pods-InstagramApp-MVVM-frameworks-${CONFIGURATION}-input-files.xcfilelist",
			);
			name = "[CP] Embed Pods Frameworks";
			outputFileListPaths = (
				"${PODS_ROOT}/Target Support Files/Pods-InstagramApp-MVVM/Pods-InstagramApp-MVVM-frameworks-${CONFIGURATION}-output-files.xcfilelist",
			);
			runOnlyForDeploymentPostprocessing = 0;
			shellPath = /bin/sh;
			shellScript = "\"${PODS_ROOT}/Target Support Files/Pods-InstagramApp-MVVM/Pods-InstagramApp-MVVM-frameworks.sh\"\n";
			showEnvVarsInLog = 0;
		};
		C83DFDDC5CE2E3667CD2AEEE /* [CP] Check Pods Manifest.lock */ = {
			isa = PBXShellScriptBuildPhase;
			buildActionMask = 2147483647;
			files = (
			);
			inputFileListPaths = (
			);
			inputPaths = (
				"${PODS_PODFILE_DIR_PATH}/Podfile.lock",
				"${PODS_ROOT}/Manifest.lock",
			);
			name = "[CP] Check Pods Manifest.lock";
			outputFileListPaths = (
			);
			outputPaths = (
				"$(DERIVED_FILE_DIR)/Pods-InstagramApp-MVVM-checkManifestLockResult.txt",
			);
			runOnlyForDeploymentPostprocessing = 0;
			shellPath = /bin/sh;
			shellScript = "diff \"${PODS_PODFILE_DIR_PATH}/Podfile.lock\" \"${PODS_ROOT}/Manifest.lock\" > /dev/null\nif [ $? != 0 ] ; then\n    # print error to STDERR\n    echo \"error: The sandbox is not in sync with the Podfile.lock. Run 'pod install' or update your CocoaPods installation.\" >&2\n    exit 1\nfi\n# This output is used by Xcode 'outputs' to avoid re-running this script phase.\necho \"SUCCESS\" > \"${SCRIPT_OUTPUT_FILE_0}\"\n";
			showEnvVarsInLog = 0;
		};
/* End PBXShellScriptBuildPhase section */

/* Begin PBXSourcesBuildPhase section */
		D119EE9625FFF0C900745E64 /* Sources */ = {
			isa = PBXSourcesBuildPhase;
			buildActionMask = 2147483647;
			files = (
				D19E9F092602B9BB001084C7 /* CustomTextField.swift in Sources */,
				D19E9F102602DB4A001084C7 /* Extension - UIView - addGradient.swift in Sources */,
				D19E9F1726065158001084C7 /* AuthenticationViewModel.swift in Sources */,
				D119EED726016EB400745E64 /* LoginController.swift in Sources */,
				D119EE9E25FFF0C900745E64 /* AppDelegate.swift in Sources */,
				D19E9F482606B27C001084C7 /* ImageUploader.swift in Sources */,
				D19E9F4B2606B292001084C7 /* AuthService.swift in Sources */,
				D119EEC526001CEF00745E64 /* SearchController.swift in Sources */,
				D119EEBA25FFF76100745E64 /* MainTabController.swift in Sources */,
				D19E9F4E2608D505001084C7 /* ProfileCell.swift in Sources */,
				D119EECB26001D3A00745E64 /* NotificationController.swift in Sources */,
				D119EEA025FFF0C900745E64 /* SceneDelegate.swift in Sources */,
				D119EED426003B8C00745E64 /* Extension - UIView - constraints.swift in Sources */,
				D119EEC826001D1800745E64 /* ImageSelectorController.swift in Sources */,
				D19E9F512608D525001084C7 /* ProfileHeader.swift in Sources */,
				D119EEC226001CC500745E64 /* FeedController.swift in Sources */,
				D119EECE26001D5400745E64 /* ProfileController.swift in Sources */,
				D119EEDA26016EC900745E64 /* RegistrationController.swift in Sources */,
				D19E9F1C26067681001084C7 /* Extension - String - isValidEmail.swift in Sources */,
				D19E9F0C2602D828001084C7 /* Extension - UIButton - setAttributedTitle.swift in Sources */,
				D119EED1260039FA00745E64 /* FeedCell.swift in Sources */,
			);
			runOnlyForDeploymentPostprocessing = 0;
		};
/* End PBXSourcesBuildPhase section */

/* Begin PBXVariantGroup section */
		D119EEA825FFF0CC00745E64 /* LaunchScreen.storyboard */ = {
			isa = PBXVariantGroup;
			children = (
				D119EEA925FFF0CC00745E64 /* Base */,
			);
			name = LaunchScreen.storyboard;
			sourceTree = "<group>";
		};
/* End PBXVariantGroup section */

/* Begin XCBuildConfiguration section */
		D119EEAC25FFF0CC00745E64 /* Debug */ = {
			isa = XCBuildConfiguration;
			buildSettings = {
				ALWAYS_SEARCH_USER_PATHS = NO;
				CLANG_ANALYZER_NONNULL = YES;
				CLANG_ANALYZER_NUMBER_OBJECT_CONVERSION = YES_AGGRESSIVE;
				CLANG_CXX_LANGUAGE_STANDARD = "gnu++14";
				CLANG_CXX_LIBRARY = "libc++";
				CLANG_ENABLE_MODULES = YES;
				CLANG_ENABLE_OBJC_ARC = YES;
				CLANG_ENABLE_OBJC_WEAK = YES;
				CLANG_WARN_BLOCK_CAPTURE_AUTORELEASING = YES;
				CLANG_WARN_BOOL_CONVERSION = YES;
				CLANG_WARN_COMMA = YES;
				CLANG_WARN_CONSTANT_CONVERSION = YES;
				CLANG_WARN_DEPRECATED_OBJC_IMPLEMENTATIONS = YES;
				CLANG_WARN_DIRECT_OBJC_ISA_USAGE = YES_ERROR;
				CLANG_WARN_DOCUMENTATION_COMMENTS = YES;
				CLANG_WARN_EMPTY_BODY = YES;
				CLANG_WARN_ENUM_CONVERSION = YES;
				CLANG_WARN_INFINITE_RECURSION = YES;
				CLANG_WARN_INT_CONVERSION = YES;
				CLANG_WARN_NON_LITERAL_NULL_CONVERSION = YES;
				CLANG_WARN_OBJC_IMPLICIT_RETAIN_SELF = YES;
				CLANG_WARN_OBJC_LITERAL_CONVERSION = YES;
				CLANG_WARN_OBJC_ROOT_CLASS = YES_ERROR;
				CLANG_WARN_QUOTED_INCLUDE_IN_FRAMEWORK_HEADER = YES;
				CLANG_WARN_RANGE_LOOP_ANALYSIS = YES;
				CLANG_WARN_STRICT_PROTOTYPES = YES;
				CLANG_WARN_SUSPICIOUS_MOVE = YES;
				CLANG_WARN_UNGUARDED_AVAILABILITY = YES_AGGRESSIVE;
				CLANG_WARN_UNREACHABLE_CODE = YES;
				CLANG_WARN__DUPLICATE_METHOD_MATCH = YES;
				COPY_PHASE_STRIP = NO;
				DEBUG_INFORMATION_FORMAT = dwarf;
				ENABLE_STRICT_OBJC_MSGSEND = YES;
				ENABLE_TESTABILITY = YES;
				GCC_C_LANGUAGE_STANDARD = gnu11;
				GCC_DYNAMIC_NO_PIC = NO;
				GCC_NO_COMMON_BLOCKS = YES;
				GCC_OPTIMIZATION_LEVEL = 0;
				GCC_PREPROCESSOR_DEFINITIONS = (
					"DEBUG=1",
					"$(inherited)",
				);
				GCC_WARN_64_TO_32_BIT_CONVERSION = YES;
				GCC_WARN_ABOUT_RETURN_TYPE = YES_ERROR;
				GCC_WARN_UNDECLARED_SELECTOR = YES;
				GCC_WARN_UNINITIALIZED_AUTOS = YES_AGGRESSIVE;
				GCC_WARN_UNUSED_FUNCTION = YES;
				GCC_WARN_UNUSED_VARIABLE = YES;
				IPHONEOS_DEPLOYMENT_TARGET = 14.4;
				MTL_ENABLE_DEBUG_INFO = INCLUDE_SOURCE;
				MTL_FAST_MATH = YES;
				ONLY_ACTIVE_ARCH = YES;
				SDKROOT = iphoneos;
				SWIFT_ACTIVE_COMPILATION_CONDITIONS = DEBUG;
				SWIFT_OPTIMIZATION_LEVEL = "-Onone";
			};
			name = Debug;
		};
		D119EEAD25FFF0CC00745E64 /* Release */ = {
			isa = XCBuildConfiguration;
			buildSettings = {
				ALWAYS_SEARCH_USER_PATHS = NO;
				CLANG_ANALYZER_NONNULL = YES;
				CLANG_ANALYZER_NUMBER_OBJECT_CONVERSION = YES_AGGRESSIVE;
				CLANG_CXX_LANGUAGE_STANDARD = "gnu++14";
				CLANG_CXX_LIBRARY = "libc++";
				CLANG_ENABLE_MODULES = YES;
				CLANG_ENABLE_OBJC_ARC = YES;
				CLANG_ENABLE_OBJC_WEAK = YES;
				CLANG_WARN_BLOCK_CAPTURE_AUTORELEASING = YES;
				CLANG_WARN_BOOL_CONVERSION = YES;
				CLANG_WARN_COMMA = YES;
				CLANG_WARN_CONSTANT_CONVERSION = YES;
				CLANG_WARN_DEPRECATED_OBJC_IMPLEMENTATIONS = YES;
				CLANG_WARN_DIRECT_OBJC_ISA_USAGE = YES_ERROR;
				CLANG_WARN_DOCUMENTATION_COMMENTS = YES;
				CLANG_WARN_EMPTY_BODY = YES;
				CLANG_WARN_ENUM_CONVERSION = YES;
				CLANG_WARN_INFINITE_RECURSION = YES;
				CLANG_WARN_INT_CONVERSION = YES;
				CLANG_WARN_NON_LITERAL_NULL_CONVERSION = YES;
				CLANG_WARN_OBJC_IMPLICIT_RETAIN_SELF = YES;
				CLANG_WARN_OBJC_LITERAL_CONVERSION = YES;
				CLANG_WARN_OBJC_ROOT_CLASS = YES_ERROR;
				CLANG_WARN_QUOTED_INCLUDE_IN_FRAMEWORK_HEADER = YES;
				CLANG_WARN_RANGE_LOOP_ANALYSIS = YES;
				CLANG_WARN_STRICT_PROTOTYPES = YES;
				CLANG_WARN_SUSPICIOUS_MOVE = YES;
				CLANG_WARN_UNGUARDED_AVAILABILITY = YES_AGGRESSIVE;
				CLANG_WARN_UNREACHABLE_CODE = YES;
				CLANG_WARN__DUPLICATE_METHOD_MATCH = YES;
				COPY_PHASE_STRIP = NO;
				DEBUG_INFORMATION_FORMAT = "dwarf-with-dsym";
				ENABLE_NS_ASSERTIONS = NO;
				ENABLE_STRICT_OBJC_MSGSEND = YES;
				GCC_C_LANGUAGE_STANDARD = gnu11;
				GCC_NO_COMMON_BLOCKS = YES;
				GCC_WARN_64_TO_32_BIT_CONVERSION = YES;
				GCC_WARN_ABOUT_RETURN_TYPE = YES_ERROR;
				GCC_WARN_UNDECLARED_SELECTOR = YES;
				GCC_WARN_UNINITIALIZED_AUTOS = YES_AGGRESSIVE;
				GCC_WARN_UNUSED_FUNCTION = YES;
				GCC_WARN_UNUSED_VARIABLE = YES;
				IPHONEOS_DEPLOYMENT_TARGET = 14.4;
				MTL_ENABLE_DEBUG_INFO = NO;
				MTL_FAST_MATH = YES;
				SDKROOT = iphoneos;
				SWIFT_COMPILATION_MODE = wholemodule;
				SWIFT_OPTIMIZATION_LEVEL = "-O";
				VALIDATE_PRODUCT = YES;
			};
			name = Release;
		};
		D119EEAF25FFF0CC00745E64 /* Debug */ = {
			isa = XCBuildConfiguration;
			baseConfigurationReference = BF95E1518BD0DE38C11D7C73 /* Pods-InstagramApp-MVVM.debug.xcconfig */;
			buildSettings = {
				ASSETCATALOG_COMPILER_APPICON_NAME = AppIcon;
				ASSETCATALOG_COMPILER_GLOBAL_ACCENT_COLOR_NAME = AccentColor;
				CODE_SIGN_STYLE = Automatic;
				DEVELOPMENT_TEAM = Z56UVR5Q3Z;
				INFOPLIST_FILE = "InstagramApp-MVVM/Info.plist";
				LD_RUNPATH_SEARCH_PATHS = (
					"$(inherited)",
					"@executable_path/Frameworks",
				);
				PRODUCT_BUNDLE_IDENTIFIER = "com.justynakowalkowska.InstagramApp-MVVM";
				PRODUCT_NAME = "$(TARGET_NAME)";
				SWIFT_VERSION = 5.0;
				TARGETED_DEVICE_FAMILY = "1,2";
			};
			name = Debug;
		};
		D119EEB025FFF0CC00745E64 /* Release */ = {
			isa = XCBuildConfiguration;
			baseConfigurationReference = 047B205403DD85BBC3545F08 /* Pods-InstagramApp-MVVM.release.xcconfig */;
			buildSettings = {
				ASSETCATALOG_COMPILER_APPICON_NAME = AppIcon;
				ASSETCATALOG_COMPILER_GLOBAL_ACCENT_COLOR_NAME = AccentColor;
				CODE_SIGN_STYLE = Automatic;
				DEVELOPMENT_TEAM = Z56UVR5Q3Z;
				INFOPLIST_FILE = "InstagramApp-MVVM/Info.plist";
				LD_RUNPATH_SEARCH_PATHS = (
					"$(inherited)",
					"@executable_path/Frameworks",
				);
				PRODUCT_BUNDLE_IDENTIFIER = "com.justynakowalkowska.InstagramApp-MVVM";
				PRODUCT_NAME = "$(TARGET_NAME)";
				SWIFT_VERSION = 5.0;
				TARGETED_DEVICE_FAMILY = "1,2";
			};
			name = Release;
		};
/* End XCBuildConfiguration section */

/* Begin XCConfigurationList section */
		D119EE9525FFF0C900745E64 /* Build configuration list for PBXProject "InstagramApp-MVVM" */ = {
			isa = XCConfigurationList;
			buildConfigurations = (
				D119EEAC25FFF0CC00745E64 /* Debug */,
				D119EEAD25FFF0CC00745E64 /* Release */,
			);
			defaultConfigurationIsVisible = 0;
			defaultConfigurationName = Release;
		};
		D119EEAE25FFF0CC00745E64 /* Build configuration list for PBXNativeTarget "InstagramApp-MVVM" */ = {
			isa = XCConfigurationList;
			buildConfigurations = (
				D119EEAF25FFF0CC00745E64 /* Debug */,
				D119EEB025FFF0CC00745E64 /* Release */,
			);
			defaultConfigurationIsVisible = 0;
			defaultConfigurationName = Release;
		};
/* End XCConfigurationList section */
	};
	rootObject = D119EE9225FFF0C900745E64 /* Project object */;
}
